
Microsoft Visual Studio Solution File, Format Version 12.00
# Visual Studio Version 17
VisualStudioVersion = 17.7.34031.279
MinimumVisualStudioVersion = 10.0.40219.1
Project("{FAE04EC0-301F-11D3-BF4B-00C04F79EFBC}") = "L12GUI1", "L12GUI1\L12GUI1.csproj", "{425F0CAE-6461-4C10-B6BB-73189B98804B}"
EndProject
Global
	GlobalSection(SolutionConfigurationPlatforms) = preSolution
		Debug|Any CPU = Debug|Any CPU
		Release|Any CPU = Release|Any CPU
	EndGlobalSection
	GlobalSection(ProjectConfigurationPlatforms) = postSolution
		{425F0CAE-6461-4C10-B6BB-73189B98804B}.Debug|Any CPU.ActiveCfg = Debug|Any CPU
		{425F0CAE-6461-4C10-B6BB-73189B98804B}.Debug|Any CPU.Build.0 = Debug|Any CPU
		{425F0CAE-6461-4C10-B6BB-73189B98804B}.Release|Any CPU.ActiveCfg = Release|Any CPU
		{425F0CAE-6461-4C10-B6BB-73189B98804B}.Release|Any CPU.Build.0 = Release|Any CPU
	EndGlobalSection
	GlobalSection(SolutionProperties) = preSolution
		HideSolutionNode = FALSE
	EndGlobalSection
	GlobalSection(ExtensibilityGlobals) = postSolution
		SolutionGuid = {3B9FC0AE-75E4-4FBF-A617-2E74A4D94AD1}
	EndGlobalSection
EndGlobal
